// !$*UTF8*$!
{
	archiveVersion = 1;
	classes = {
	};
	objectVersion = 46;
	objects = {

/* Begin PBXBuildFile section */
		AB14F6B21F1F1F2D002E0F61 /* AppDelegate.swift in Sources */ = {isa = PBXBuildFile; fileRef = AB14F6B11F1F1F2D002E0F61 /* AppDelegate.swift */; };
		AB14F6B41F1F1F2D002E0F61 /* ViewController.swift in Sources */ = {isa = PBXBuildFile; fileRef = AB14F6B31F1F1F2D002E0F61 /* ViewController.swift */; };
		AB14F6B71F1F1F2D002E0F61 /* Main.storyboard in Resources */ = {isa = PBXBuildFile; fileRef = AB14F6B51F1F1F2D002E0F61 /* Main.storyboard */; };
		AB14F6B91F1F1F2D002E0F61 /* Assets.xcassets in Resources */ = {isa = PBXBuildFile; fileRef = AB14F6B81F1F1F2D002E0F61 /* Assets.xcassets */; };
		AB14F6BC1F1F1F2D002E0F61 /* LaunchScreen.storyboard in Resources */ = {isa = PBXBuildFile; fileRef = AB14F6BA1F1F1F2D002E0F61 /* LaunchScreen.storyboard */; };
		AB14F6C81F1F205F002E0F61 /* newViewController.swift in Sources */ = {isa = PBXBuildFile; fileRef = AB14F6C71F1F205F002E0F61 /* newViewController.swift */; };
/* End PBXBuildFile section */

/* Begin PBXFileReference section */
		AB14F6AE1F1F1F2D002E0F61 /* taigi.app */ = {isa = PBXFileReference; explicitFileType = wrapper.application; includeInIndex = 0; path = taigi.app; sourceTree = BUILT_PRODUCTS_DIR; };
		AB14F6B11F1F1F2D002E0F61 /* AppDelegate.swift */ = {isa = PBXFileReference; lastKnownFileType = sourcecode.swift; path = AppDelegate.swift; sourceTree = "<group>"; };
		AB14F6B31F1F1F2D002E0F61 /* ViewController.swift */ = {isa = PBXFileReference; lastKnownFileType = sourcecode.swift; path = ViewController.swift; sourceTree = "<group>"; };
		AB14F6B61F1F1F2D002E0F61 /* Base */ = {isa = PBXFileReference; lastKnownFileType = file.storyboard; name = Base; path = Base.lproj/Main.storyboard; sourceTree = "<group>"; };
		AB14F6B81F1F1F2D002E0F61 /* Assets.xcassets */ = {isa = PBXFileReference; lastKnownFileType = folder.assetcatalog; path = Assets.xcassets; sourceTree = "<group>"; };
		AB14F6BB1F1F1F2D002E0F61 /* Base */ = {isa = PBXFileReference; lastKnownFileType = file.storyboard; name = Base; path = Base.lproj/LaunchScreen.storyboard; sourceTree = "<group>"; };
		AB14F6BD1F1F1F2D002E0F61 /* Info.plist */ = {isa = PBXFileReference; lastKnownFileType = text.plist.xml; path = Info.plist; sourceTree = "<group>"; };
		AB14F6C71F1F205F002E0F61 /* newViewController.swift */ = {isa = PBXFileReference; fileEncoding = 4; lastKnownFileType = sourcecode.swift; path = newViewController.swift; sourceTree = "<group>"; };
/* End PBXFileReference section */

/* Begin PBXFrameworksBuildPhase section */
		AB14F6AB1F1F1F2D002E0F61 /* Frameworks */ = {
			isa = PBXFrameworksBuildPhase;
			buildActionMask = 2147483647;
			files = (
			);
			runOnlyForDeploymentPostprocessing = 0;
		};
/* End PBXFrameworksBuildPhase section */

/* Begin PBXGroup section */
		AB14F6A51F1F1F2D002E0F61 = {
			isa = PBXGroup;
			children = (
				AB14F6B01F1F1F2D002E0F61 /* taigi */,
				AB14F6AF1F1F1F2D002E0F61 /* Products */,
			);
			sourceTree = "<group>";
		};
		AB14F6AF1F1F1F2D002E0F61 /* Products */ = {
			isa = PBXGroup;
			children = (
				AB14F6AE1F1F1F2D002E0F61 /* taigi.app */,
			);
			name = Products;
			sourceTree = "<group>";
		};
		AB14F6B01F1F1F2D002E0F61 /* taigi */ = {
			isa = PBXGroup;
			children = (
				AB14F6B11F1F1F2D002E0F61 /* AppDelegate.swift */,
				AB14F6B31F1F1F2D002E0F61 /* ViewController.swift */,
				AB14F6C71F1F205F002E0F61 /* newViewController.swift */,
				AB14F6B51F1F1F2D002E0F61 /* Main.storyboard */,
				AB14F6B81F1F1F2D002E0F61 /* Assets.xcassets */,
				AB14F6BA1F1F1F2D002E0F61 /* LaunchScreen.storyboard */,
				AB14F6BD1F1F1F2D002E0F61 /* Info.plist */,
			);
			path = taigi;
			sourceTree = "<group>";
		};
/* End PBXGroup section */

/* Begin PBXNativeTarget section */
		AB14F6AD1F1F1F2D002E0F61 /* taigi */ = {
			isa = PBXNativeTarget;
			buildConfigurationList = AB14F6C01F1F1F2D002E0F61 /* Build configuration list for PBXNativeTarget "taigi" */;
			buildPhases = (
				AB14F6AA1F1F1F2D002E0F61 /* Sources */,
				AB14F6AB1F1F1F2D002E0F61 /* Frameworks */,
				AB14F6AC1F1F1F2D002E0F61 /* Resources */,
			);
			buildRules = (
			);
			dependencies = (
			);
			name = taigi;
			productName = taigi;
			productReference = AB14F6AE1F1F1F2D002E0F61 /* taigi.app */;
			productType = "com.apple.product-type.application";
		};
/* End PBXNativeTarget section */

/* Begin PBXProject section */
		AB14F6A61F1F1F2D002E0F61 /* Project object */ = {
			isa = PBXProject;
			attributes = {
				LastSwiftUpdateCheck = 0830;
				LastUpgradeCheck = 0830;
				ORGANIZATIONNAME = nttr.inc;
				TargetAttributes = {
					AB14F6AD1F1F1F2D002E0F61 = {
						CreatedOnToolsVersion = 8.3.3;
						ProvisioningStyle = Automatic;
					};
				};
			};
			buildConfigurationList = AB14F6A91F1F1F2D002E0F61 /* Build configuration list for PBXProject "taigi" */;
			compatibilityVersion = "Xcode 3.2";
			developmentRegion = English;
			hasScannedForEncodings = 0;
			knownRegions = (
				en,
				Base,
			);
			mainGroup = AB14F6A51F1F1F2D002E0F61;
			productRefGroup = AB14F6AF1F1F1F2D002E0F61 /* Products */;
			projectDirPath = "";
			projectRoot = "";
			targets = (
				AB14F6AD1F1F1F2D002E0F61 /* taigi */,
			);
		};
/* End PBXProject section */

/* Begin PBXResourcesBuildPhase section */
		AB14F6AC1F1F1F2D002E0F61 /* Resources */ = {
			isa = PBXResourcesBuildPhase;
			buildActionMask = 2147483647;
			files = (
				AB14F6BC1F1F1F2D002E0F61 /* LaunchScreen.storyboard in Resources */,
				AB14F6B91F1F1F2D002E0F61 /* Assets.xcassets in Resources */,
				AB14F6B71F1F1F2D002E0F61 /* Main.storyboard in Resources */,
			);
			runOnlyForDeploymentPostprocessing = 0;
		};
/* End PBXResourcesBuildPhase section */

/* Begin PBXSourcesBuildPhase section */
		AB14F6AA1F1F1F2D002E0F61 /* Sources */ = {
			isa = PBXSourcesBuildPhase;
			buildActionMask = 2147483647;
			files = (
				AB14F6B41F1F1F2D002E0F61 /* ViewController.swift in Sources */,
				AB14F6B21F1F1F2D002E0F61 /* AppDelegate.swift in Sources */,
				AB14F6C81F1F205F002E0F61 /* newViewController.swift in Sources */,
			);
			runOnlyForDeploymentPostprocessing = 0;
		};
/* End PBXSourcesBuildPhase section */

/* Begin PBXVariantGroup section */
		AB14F6B51F1F1F2D002E0F61 /* Main.storyboard */ = {
			isa = PBXVariantGroup;
			children = (
				AB14F6B61F1F1F2D002E0F61 /* Base */,
			);
			name = Main.storyboard;
			sourceTree = "<group>";
		};
		AB14F6BA1F1F1F2D002E0F61 /* LaunchScreen.storyboard */ = {
			isa = PBXVariantGroup;
			children = (
				AB14F6BB1F1F1F2D002E0F61 /* Base */,
			);
			name = LaunchScreen.storyboard;
			sourceTree = "<group>";
		};
/* End PBXVariantGroup section */

/* Begin XCBuildConfiguration section */
		AB14F6BE1F1F1F2D002E0F61 /* Debug */ = {
			isa = XCBuildConfiguration;
			buildSettings = {
				ALWAYS_SEARCH_USER_PATHS = NO;
				CLANG_ANALYZER_NONNULL = YES;
				CLANG_ANALYZER_NUMBER_OBJECT_CONVERSION = YES_AGGRESSIVE;
				CLANG_CXX_LANGUAGE_STANDARD = "gnu++0x";
				CLANG_CXX_LIBRARY = "libc++";
				CLANG_ENABLE_MODULES = YES;
				CLANG_ENABLE_OBJC_ARC = YES;
				CLANG_WARN_BOOL_CONVERSION = YES;
				CLANG_WARN_CONSTANT_CONVERSION = YES;
				CLANG_WARN_DIRECT_OBJC_ISA_USAGE = YES_ERROR;
				CLANG_WARN_DOCUMENTATION_COMMENTS = YES;
				CLANG_WARN_EMPTY_BODY = YES;
				CLANG_WARN_ENUM_CONVERSION = YES;
				CLANG_WARN_INFINITE_RECURSION = YES;
				CLANG_WARN_INT_CONVERSION = YES;
				CLANG_WARN_OBJC_ROOT_CLASS = YES_ERROR;
				CLANG_WARN_SUSPICIOUS_MOVE = YES;
				CLANG_WARN_UNREACHABLE_CODE = YES;
				CLANG_WARN__DUPLICATE_METHOD_MATCH = YES;
				"CODE_SIGN_IDENTITY[sdk=iphoneos*]" = "iPhone Developer";
				COPY_PHASE_STRIP = NO;
				DEBUG_INFORMATION_FORMAT = dwarf;
				ENABLE_STRICT_OBJC_MSGSEND = YES;
				ENABLE_TESTABILITY = YES;
				GCC_C_LANGUAGE_STANDARD = gnu99;
				GCC_DYNAMIC_NO_PIC = NO;
				GCC_NO_COMMON_BLOCKS = YES;
				GCC_OPTIMIZATION_LEVEL = 0;
				GCC_PREPROCESSOR_DEFINITIONS = (
					"DEBUG=1",
					"$(inherited)",
				);
				GCC_WARN_64_TO_32_BIT_CONVERSION = YES;
				GCC_WARN_ABOUT_RETURN_TYPE = YES_ERROR;
				GCC_WARN_UNDECLARED_SELECTOR = YES;
				GCC_WARN_UNINITIALIZED_AUTOS = YES_AGGRESSIVE;
				GCC_WARN_UNUSED_FUNCTION = YES;
				GCC_WARN_UNUSED_VARIABLE = YES;
				IPHONEOS_DEPLOYMENT_TARGET = 10.3;
				MTL_ENABLE_DEBUG_INFO = YES;
				ONLY_ACTIVE_ARCH = YES;
				SDKROOT = iphoneos;
				SWIFT_ACTIVE_COMPILATION_CONDITIONS = DEBUG;
				SWIFT_OPTIMIZATION_LEVEL = "-Onone";
			};
			name = Debug;
		};
		AB14F6BF1F1F1F2D002E0F61 /* Release */ = {
			isa = XCBuildConfiguration;
			buildSettings = {
				ALWAYS_SEARCH_USER_PATHS = NO;
				CLANG_ANALYZER_NONNULL = YES;
				CLANG_ANALYZER_NUMBER_OBJECT_CONVERSION = YES_AGGRESSIVE;
				CLANG_CXX_LANGUAGE_STANDARD = "gnu++0x";
				CLANG_CXX_LIBRARY = "libc++";
				CLANG_ENABLE_MODULES = YES;
				CLANG_ENABLE_OBJC_ARC = YES;
				CLANG_WARN_BOOL_CONVERSION = YES;
				CLANG_WARN_CONSTANT_CONVERSION = YES;
				CLANG_WARN_DIRECT_OBJC_ISA_USAGE = YES_ERROR;
				CLANG_WARN_DOCUMENTATION_COMMENTS = YES;
				CLANG_WARN_EMPTY_BODY = YES;
				CLANG_WARN_ENUM_CONVERSION = YES;
				CLANG_WARN_INFINITE_RECURSION = YES;
				CLANG_WARN_INT_CONVERSION = YES;
				CLANG_WARN_OBJC_ROOT_CLASS = YES_ERROR;
				CLANG_WARN_SUSPICIOUS_MOVE = YES;
				CLANG_WARN_UNREACHABLE_CODE = YES;
				CLANG_WARN__DUPLICATE_METHOD_MATCH = YES;
				"CODE_SIGN_IDENTITY[sdk=iphoneos*]" = "iPhone Developer";
				COPY_PHASE_STRIP = NO;
				DEBUG_INFORMATION_FORMAT = "dwarf-with-dsym";
				ENABLE_NS_ASSERTIONS = NO;
				ENABLE_STRICT_OBJC_MSGSEND = YES;
				GCC_C_LANGUAGE_STANDARD = gnu99;
				GCC_NO_COMMON_BLOCKS = YES;
				GCC_WARN_64_TO_32_BIT_CONVERSION = YES;
				GCC_WARN_ABOUT_RETURN_TYPE = YES_ERROR;
				GCC_WARN_UNDECLARED_SELECTOR = YES;
				GCC_WARN_UNINITIALIZED_AUTOS = YES_AGGRESSIVE;
				GCC_WARN_UNUSED_FUNCTION = YES;
				GCC_WARN_UNUSED_VARIABLE = YES;
				IPHONEOS_DEPLOYMENT_TARGET = 10.3;
				MTL_ENABLE_DEBUG_INFO = NO;
				SDKROOT = iphoneos;
				SWIFT_OPTIMIZATION_LEVEL = "-Owholemodule";
				VALIDATE_PRODUCT = YES;
			};
			name = Release;
		};
		AB14F6C11F1F1F2D002E0F61 /* Debug */ = {
			isa = XCBuildConfiguration;
			buildSettings = {
				ASSETCATALOG_COMPILER_APPICON_NAME = AppIcon;
				INFOPLIST_FILE = taigi/Info.plist;
				LD_RUNPATH_SEARCH_PATHS = "$(inherited) @executable_path/Frameworks";
				PRODUCT_BUNDLE_IDENTIFIER = satomi.nttr.net.taigi;
				PRODUCT_NAME = "$(TARGET_NAME)";
				SWIFT_VERSION = 3.0;
			};
			name = Debug;
		};
		AB14F6C21F1F1F2D002E0F61 /* Release */ = {
			isa = XCBuildConfiguration;
			buildSettings = {
				ASSETCATALOG_COMPILER_APPICON_NAME = AppIcon;
				INFOPLIST_FILE = taigi/Info.plist;
				LD_RUNPATH_SEARCH_PATHS = "$(inherited) @executable_path/Frameworks";
				PRODUCT_BUNDLE_IDENTIFIER = satomi.nttr.net.taigi;
				PRODUCT_NAME = "$(TARGET_NAME)";
				SWIFT_VERSION = 3.0;
			};
			name = Release;
		};
/* End XCBuildConfiguration section */

/* Begin XCConfigurationList section */
		AB14F6A91F1F1F2D002E0F61 /* Build configuration list for PBXProject "taigi" */ = {
			isa = XCConfigurationList;
			buildConfigurations = (
				AB14F6BE1F1F1F2D002E0F61 /* Debug */,
				AB14F6BF1F1F1F2D002E0F61 /* Release */,
			);
			defaultConfigurationIsVisible = 0;
			defaultConfigurationName = Release;
		};
		AB14F6C01F1F1F2D002E0F61 /* Build configuration list for PBXNativeTarget "taigi" */ = {
			isa = XCConfigurationList;
			buildConfigurations = (
				AB14F6C11F1F1F2D002E0F61 /* Debug */,
				AB14F6C21F1F1F2D002E0F61 /* Release */,
			);
			defaultConfigurationIsVisible = 0;
			defaultConfigurationName = Release;
		};
/* End XCConfigurationList section */
	};
	rootObject = AB14F6A61F1F1F2D002E0F61 /* Project object */;
}
